// !$*UTF8*$!
{
	archiveVersion = 1;
	classes = {
	};
	objectVersion = 56;
	objects = {

/* Begin PBXBuildFile section */
		AB1292DC2972064F00C7615F /* SettingsView.swift in Sources */ = {isa = PBXBuildFile; fileRef = AB1292DB2972064F00C7615F /* SettingsView.swift */; };
		AB1292DF29732B9600C7615F /* GlucoseDetailsView.swift in Sources */ = {isa = PBXBuildFile; fileRef = AB1292DE29732B9600C7615F /* GlucoseDetailsView.swift */; };
		AB1292E12976155B00C7615F /* GlucoseViewerApp.swift in Sources */ = {isa = PBXBuildFile; fileRef = AB1292E02976155B00C7615F /* GlucoseViewerApp.swift */; };
		AB1292E92977BB2A00C7615F /* GlucoseViewerTests.swift in Sources */ = {isa = PBXBuildFile; fileRef = AB1292E82977BB2A00C7615F /* GlucoseViewerTests.swift */; };
		AB71105C2979F68000AD071E /* NightscoutAPI.swift in Sources */ = {isa = PBXBuildFile; fileRef = AB71105B2979F68000AD071E /* NightscoutAPI.swift */; };
		AB71105E297A085000AD071E /* NightscoutAPITests.swift in Sources */ = {isa = PBXBuildFile; fileRef = AB71105D297A085000AD071E /* NightscoutAPITests.swift */; };
		AB711060297A2B8200AD071E /* invalidjson.json in Resources */ = {isa = PBXBuildFile; fileRef = AB71105F297A2B8200AD071E /* invalidjson.json */; };
		AB711062297A2DA700AD071E /* validjson.json in Resources */ = {isa = PBXBuildFile; fileRef = AB711061297A2DA700AD071E /* validjson.json */; };
		AB711064297B7FF900AD071E /* stringdelta.json in Resources */ = {isa = PBXBuildFile; fileRef = AB711063297B7FF900AD071E /* stringdelta.json */; };
		AB711066297B8C9300AD071E /* GlucoseViewerSettings.swift in Sources */ = {isa = PBXBuildFile; fileRef = AB711065297B8C9300AD071E /* GlucoseViewerSettings.swift */; };
		AB711068297B900500AD071E /* settings.json in Resources */ = {isa = PBXBuildFile; fileRef = AB711067297B900500AD071E /* settings.json */; };
		ABED20CC296E5C8C00647363 /* Assets.xcassets in Resources */ = {isa = PBXBuildFile; fileRef = ABED20CB296E5C8C00647363 /* Assets.xcassets */; };
		ABED20CF296E5C8C00647363 /* Preview Assets.xcassets in Resources */ = {isa = PBXBuildFile; fileRef = ABED20CE296E5C8C00647363 /* Preview Assets.xcassets */; };
		ABED20D9296F7C0F00647363 /* BGLabelView.swift in Sources */ = {isa = PBXBuildFile; fileRef = ABED20D8296F7C0F00647363 /* BGLabelView.swift */; };
		ABED20DB296F7DF400647363 /* BGLabel.swift in Sources */ = {isa = PBXBuildFile; fileRef = ABED20DA296F7DF400647363 /* BGLabel.swift */; };
		ABED20DD296F7E2B00647363 /* BGDirectionEnum.swift in Sources */ = {isa = PBXBuildFile; fileRef = ABED20DC296F7E2B00647363 /* BGDirectionEnum.swift */; };
/* End PBXBuildFile section */

/* Begin PBXContainerItemProxy section */
		AB1292EA2977BB2A00C7615F /* PBXContainerItemProxy */ = {
			isa = PBXContainerItemProxy;
			containerPortal = ABED20BC296E5C8B00647363 /* Project object */;
			proxyType = 1;
			remoteGlobalIDString = ABED20C3296E5C8B00647363;
			remoteInfo = GlucoseViewer;
		};
/* End PBXContainerItemProxy section */

/* Begin PBXFileReference section */
		AB1292DB2972064F00C7615F /* SettingsView.swift */ = {isa = PBXFileReference; lastKnownFileType = sourcecode.swift; path = SettingsView.swift; sourceTree = "<group>"; };
		AB1292DE29732B9600C7615F /* GlucoseDetailsView.swift */ = {isa = PBXFileReference; lastKnownFileType = sourcecode.swift; path = GlucoseDetailsView.swift; sourceTree = "<group>"; };
		AB1292E02976155B00C7615F /* GlucoseViewerApp.swift */ = {isa = PBXFileReference; lastKnownFileType = sourcecode.swift; path = GlucoseViewerApp.swift; sourceTree = "<group>"; };
		AB1292E62977BB2A00C7615F /* GlucoseViewerTests.xctest */ = {isa = PBXFileReference; explicitFileType = wrapper.cfbundle; includeInIndex = 0; path = GlucoseViewerTests.xctest; sourceTree = BUILT_PRODUCTS_DIR; };
		AB1292E82977BB2A00C7615F /* GlucoseViewerTests.swift */ = {isa = PBXFileReference; lastKnownFileType = sourcecode.swift; path = GlucoseViewerTests.swift; sourceTree = "<group>"; };
		AB71105B2979F68000AD071E /* NightscoutAPI.swift */ = {isa = PBXFileReference; lastKnownFileType = sourcecode.swift; path = NightscoutAPI.swift; sourceTree = "<group>"; };
		AB71105D297A085000AD071E /* NightscoutAPITests.swift */ = {isa = PBXFileReference; lastKnownFileType = sourcecode.swift; path = NightscoutAPITests.swift; sourceTree = "<group>"; };
		AB71105F297A2B8200AD071E /* invalidjson.json */ = {isa = PBXFileReference; lastKnownFileType = text.json; path = invalidjson.json; sourceTree = "<group>"; };
		AB711061297A2DA700AD071E /* validjson.json */ = {isa = PBXFileReference; lastKnownFileType = text.json; path = validjson.json; sourceTree = "<group>"; };
		AB711063297B7FF900AD071E /* stringdelta.json */ = {isa = PBXFileReference; lastKnownFileType = text.json; path = stringdelta.json; sourceTree = "<group>"; };
		AB711065297B8C9300AD071E /* GlucoseViewerSettings.swift */ = {isa = PBXFileReference; lastKnownFileType = sourcecode.swift; path = GlucoseViewerSettings.swift; sourceTree = "<group>"; };
		AB711067297B900500AD071E /* settings.json */ = {isa = PBXFileReference; lastKnownFileType = text.json; path = settings.json; sourceTree = "<group>"; };
		ABED20C4296E5C8B00647363 /* GlucoseViewer.app */ = {isa = PBXFileReference; explicitFileType = wrapper.application; includeInIndex = 0; path = GlucoseViewer.app; sourceTree = BUILT_PRODUCTS_DIR; };
		ABED20CB296E5C8C00647363 /* Assets.xcassets */ = {isa = PBXFileReference; lastKnownFileType = folder.assetcatalog; path = Assets.xcassets; sourceTree = "<group>"; };
		ABED20CE296E5C8C00647363 /* Preview Assets.xcassets */ = {isa = PBXFileReference; lastKnownFileType = folder.assetcatalog; path = "Preview Assets.xcassets"; sourceTree = "<group>"; };
		ABED20D0296E5C8C00647363 /* GlucoseViewer.entitlements */ = {isa = PBXFileReference; lastKnownFileType = text.plist.entitlements; path = GlucoseViewer.entitlements; sourceTree = "<group>"; };
		ABED20D8296F7C0F00647363 /* BGLabelView.swift */ = {isa = PBXFileReference; lastKnownFileType = sourcecode.swift; path = BGLabelView.swift; sourceTree = "<group>"; };
		ABED20DA296F7DF400647363 /* BGLabel.swift */ = {isa = PBXFileReference; lastKnownFileType = sourcecode.swift; path = BGLabel.swift; sourceTree = "<group>"; };
		ABED20DC296F7E2B00647363 /* BGDirectionEnum.swift */ = {isa = PBXFileReference; lastKnownFileType = sourcecode.swift; path = BGDirectionEnum.swift; sourceTree = "<group>"; };
/* End PBXFileReference section */

/* Begin PBXFrameworksBuildPhase section */
		AB1292E32977BB2A00C7615F /* Frameworks */ = {
			isa = PBXFrameworksBuildPhase;
			buildActionMask = 2147483647;
			files = (
			);
			runOnlyForDeploymentPostprocessing = 0;
		};
		ABED20C1296E5C8B00647363 /* Frameworks */ = {
			isa = PBXFrameworksBuildPhase;
			buildActionMask = 2147483647;
			files = (
			);
			runOnlyForDeploymentPostprocessing = 0;
		};
/* End PBXFrameworksBuildPhase section */

/* Begin PBXGroup section */
		AB1292E72977BB2A00C7615F /* GlucoseViewerTests */ = {
			isa = PBXGroup;
			children = (
				AB1292E82977BB2A00C7615F /* GlucoseViewerTests.swift */,
				AB71105D297A085000AD071E /* NightscoutAPITests.swift */,
				AB71105F297A2B8200AD071E /* invalidjson.json */,
				AB711061297A2DA700AD071E /* validjson.json */,
				AB711063297B7FF900AD071E /* stringdelta.json */,
				AB711067297B900500AD071E /* settings.json */,
			);
			path = GlucoseViewerTests;
			sourceTree = "<group>";
		};
		ABED20BB296E5C8B00647363 = {
			isa = PBXGroup;
			children = (
				ABED20C6296E5C8B00647363 /* GlucoseViewer */,
				AB1292E72977BB2A00C7615F /* GlucoseViewerTests */,
				ABED20C5296E5C8B00647363 /* Products */,
			);
			sourceTree = "<group>";
		};
		ABED20C5296E5C8B00647363 /* Products */ = {
			isa = PBXGroup;
			children = (
				ABED20C4296E5C8B00647363 /* GlucoseViewer.app */,
				AB1292E62977BB2A00C7615F /* GlucoseViewerTests.xctest */,
			);
			name = Products;
			sourceTree = "<group>";
		};
		ABED20C6296E5C8B00647363 /* GlucoseViewer */ = {
			isa = PBXGroup;
			children = (
				ABED20CB296E5C8C00647363 /* Assets.xcassets */,
				ABED20D0296E5C8C00647363 /* GlucoseViewer.entitlements */,
				ABED20CD296E5C8C00647363 /* Preview Content */,
				ABED20D8296F7C0F00647363 /* BGLabelView.swift */,
				ABED20DA296F7DF400647363 /* BGLabel.swift */,
				ABED20DC296F7E2B00647363 /* BGDirectionEnum.swift */,
				AB1292DB2972064F00C7615F /* SettingsView.swift */,
				AB1292DE29732B9600C7615F /* GlucoseDetailsView.swift */,
				AB1292E02976155B00C7615F /* GlucoseViewerApp.swift */,
				AB71105B2979F68000AD071E /* NightscoutAPI.swift */,
				AB711065297B8C9300AD071E /* GlucoseViewerSettings.swift */,
			);
			path = GlucoseViewer;
			sourceTree = "<group>";
		};
		ABED20CD296E5C8C00647363 /* Preview Content */ = {
			isa = PBXGroup;
			children = (
				ABED20CE296E5C8C00647363 /* Preview Assets.xcassets */,
			);
			path = "Preview Content";
			sourceTree = "<group>";
		};
/* End PBXGroup section */

/* Begin PBXNativeTarget section */
		AB1292E52977BB2A00C7615F /* GlucoseViewerTests */ = {
			isa = PBXNativeTarget;
			buildConfigurationList = AB1292EC2977BB2A00C7615F /* Build configuration list for PBXNativeTarget "GlucoseViewerTests" */;
			buildPhases = (
				AB1292E22977BB2A00C7615F /* Sources */,
				AB1292E32977BB2A00C7615F /* Frameworks */,
				AB1292E42977BB2A00C7615F /* Resources */,
			);
			buildRules = (
			);
			dependencies = (
				AB1292EB2977BB2A00C7615F /* PBXTargetDependency */,
			);
			name = GlucoseViewerTests;
			productName = GlucoseViewerTests;
			productReference = AB1292E62977BB2A00C7615F /* GlucoseViewerTests.xctest */;
			productType = "com.apple.product-type.bundle.unit-test";
		};
		ABED20C3296E5C8B00647363 /* GlucoseViewer */ = {
			isa = PBXNativeTarget;
			buildConfigurationList = ABED20D3296E5C8C00647363 /* Build configuration list for PBXNativeTarget "GlucoseViewer" */;
			buildPhases = (
				ABED20C0296E5C8B00647363 /* Sources */,
				ABED20C1296E5C8B00647363 /* Frameworks */,
				ABED20C2296E5C8B00647363 /* Resources */,
			);
			buildRules = (
			);
			dependencies = (
			);
			name = GlucoseViewer;
			productName = DexcomViewer;
			productReference = ABED20C4296E5C8B00647363 /* GlucoseViewer.app */;
			productType = "com.apple.product-type.application";
		};
/* End PBXNativeTarget section */

/* Begin PBXProject section */
		ABED20BC296E5C8B00647363 /* Project object */ = {
			isa = PBXProject;
			attributes = {
				BuildIndependentTargetsInParallel = 1;
				LastSwiftUpdateCheck = 1420;
				LastUpgradeCheck = 1420;
				ORGANIZATIONNAME = "Peeler Coding, LLC";
				TargetAttributes = {
					AB1292E52977BB2A00C7615F = {
						CreatedOnToolsVersion = 14.2;
						TestTargetID = ABED20C3296E5C8B00647363;
					};
					ABED20C3296E5C8B00647363 = {
						CreatedOnToolsVersion = 14.2;
					};
				};
			};
			buildConfigurationList = ABED20BF296E5C8B00647363 /* Build configuration list for PBXProject "GlucoseViewer" */;
			compatibilityVersion = "Xcode 14.0";
			developmentRegion = en;
			hasScannedForEncodings = 0;
			knownRegions = (
				en,
				Base,
			);
			mainGroup = ABED20BB296E5C8B00647363;
			productRefGroup = ABED20C5296E5C8B00647363 /* Products */;
			projectDirPath = "";
			projectRoot = "";
			targets = (
				ABED20C3296E5C8B00647363 /* GlucoseViewer */,
				AB1292E52977BB2A00C7615F /* GlucoseViewerTests */,
			);
		};
/* End PBXProject section */

/* Begin PBXResourcesBuildPhase section */
		AB1292E42977BB2A00C7615F /* Resources */ = {
			isa = PBXResourcesBuildPhase;
			buildActionMask = 2147483647;
			files = (
				AB711062297A2DA700AD071E /* validjson.json in Resources */,
				AB711060297A2B8200AD071E /* invalidjson.json in Resources */,
				AB711068297B900500AD071E /* settings.json in Resources */,
				AB711064297B7FF900AD071E /* stringdelta.json in Resources */,
			);
			runOnlyForDeploymentPostprocessing = 0;
		};
		ABED20C2296E5C8B00647363 /* Resources */ = {
			isa = PBXResourcesBuildPhase;
			buildActionMask = 2147483647;
			files = (
				ABED20CF296E5C8C00647363 /* Preview Assets.xcassets in Resources */,
				ABED20CC296E5C8C00647363 /* Assets.xcassets in Resources */,
			);
			runOnlyForDeploymentPostprocessing = 0;
		};
/* End PBXResourcesBuildPhase section */

/* Begin PBXSourcesBuildPhase section */
		AB1292E22977BB2A00C7615F /* Sources */ = {
			isa = PBXSourcesBuildPhase;
			buildActionMask = 2147483647;
			files = (
				AB71105E297A085000AD071E /* NightscoutAPITests.swift in Sources */,
				AB1292E92977BB2A00C7615F /* GlucoseViewerTests.swift in Sources */,
			);
			runOnlyForDeploymentPostprocessing = 0;
		};
		ABED20C0296E5C8B00647363 /* Sources */ = {
			isa = PBXSourcesBuildPhase;
			buildActionMask = 2147483647;
			files = (
				AB1292E12976155B00C7615F /* GlucoseViewerApp.swift in Sources */,
				ABED20DB296F7DF400647363 /* BGLabel.swift in Sources */,
				ABED20DD296F7E2B00647363 /* BGDirectionEnum.swift in Sources */,
				AB711066297B8C9300AD071E /* GlucoseViewerSettings.swift in Sources */,
				AB1292DC2972064F00C7615F /* SettingsView.swift in Sources */,
				AB71105C2979F68000AD071E /* NightscoutAPI.swift in Sources */,
				ABED20D9296F7C0F00647363 /* BGLabelView.swift in Sources */,
				AB1292DF29732B9600C7615F /* GlucoseDetailsView.swift in Sources */,
			);
			runOnlyForDeploymentPostprocessing = 0;
		};
/* End PBXSourcesBuildPhase section */

/* Begin PBXTargetDependency section */
		AB1292EB2977BB2A00C7615F /* PBXTargetDependency */ = {
			isa = PBXTargetDependency;
			target = ABED20C3296E5C8B00647363 /* GlucoseViewer */;
			targetProxy = AB1292EA2977BB2A00C7615F /* PBXContainerItemProxy */;
		};
/* End PBXTargetDependency section */

/* Begin XCBuildConfiguration section */
		AB1292ED2977BB2A00C7615F /* Debug */ = {
			isa = XCBuildConfiguration;
			buildSettings = {
				BUNDLE_LOADER = "$(TEST_HOST)";
				CODE_SIGN_STYLE = Automatic;
				CURRENT_PROJECT_VERSION = 1;
				DEVELOPMENT_TEAM = EKBKRDG4Q9;
				GENERATE_INFOPLIST_FILE = YES;
				MACOSX_DEPLOYMENT_TARGET = 13.1;
				MARKETING_VERSION = 1.0;
				ONLY_ACTIVE_ARCH = YES;
				PRODUCT_BUNDLE_IDENTIFIER = com.peelercoding.GlucoseViewerTests;
				PRODUCT_NAME = "$(TARGET_NAME)";
				SWIFT_EMIT_LOC_STRINGS = NO;
				SWIFT_VERSION = 5.0;
				TEST_HOST = "$(BUILT_PRODUCTS_DIR)/GlucoseViewer.app/$(BUNDLE_EXECUTABLE_FOLDER_PATH)/GlucoseViewer";
			};
			name = Debug;
		};
		AB1292EE2977BB2A00C7615F /* Release */ = {
			isa = XCBuildConfiguration;
			buildSettings = {
				BUNDLE_LOADER = "$(TEST_HOST)";
				CODE_SIGN_STYLE = Automatic;
				CURRENT_PROJECT_VERSION = 1;
				DEVELOPMENT_TEAM = EKBKRDG4Q9;
				GENERATE_INFOPLIST_FILE = YES;
				MACOSX_DEPLOYMENT_TARGET = 13.1;
				MARKETING_VERSION = 1.0;
				PRODUCT_BUNDLE_IDENTIFIER = com.peelercoding.GlucoseViewerTests;
				PRODUCT_NAME = "$(TARGET_NAME)";
				SWIFT_EMIT_LOC_STRINGS = NO;
				SWIFT_VERSION = 5.0;
				TEST_HOST = "$(BUILT_PRODUCTS_DIR)/GlucoseViewer.app/$(BUNDLE_EXECUTABLE_FOLDER_PATH)/GlucoseViewer";
			};
			name = Release;
		};
		ABED20D1296E5C8C00647363 /* Debug */ = {
			isa = XCBuildConfiguration;
			buildSettings = {
				ALWAYS_SEARCH_USER_PATHS = NO;
				CLANG_ANALYZER_NONNULL = YES;
				CLANG_ANALYZER_NUMBER_OBJECT_CONVERSION = YES_AGGRESSIVE;
				CLANG_CXX_LANGUAGE_STANDARD = "gnu++20";
				CLANG_ENABLE_MODULES = YES;
				CLANG_ENABLE_OBJC_ARC = YES;
				CLANG_ENABLE_OBJC_WEAK = YES;
				CLANG_WARN_BLOCK_CAPTURE_AUTORELEASING = YES;
				CLANG_WARN_BOOL_CONVERSION = YES;
				CLANG_WARN_COMMA = YES;
				CLANG_WARN_CONSTANT_CONVERSION = YES;
				CLANG_WARN_DEPRECATED_OBJC_IMPLEMENTATIONS = YES;
				CLANG_WARN_DIRECT_OBJC_ISA_USAGE = YES_ERROR;
				CLANG_WARN_DOCUMENTATION_COMMENTS = YES;
				CLANG_WARN_EMPTY_BODY = YES;
				CLANG_WARN_ENUM_CONVERSION = YES;
				CLANG_WARN_INFINITE_RECURSION = YES;
				CLANG_WARN_INT_CONVERSION = YES;
				CLANG_WARN_NON_LITERAL_NULL_CONVERSION = YES;
				CLANG_WARN_OBJC_IMPLICIT_RETAIN_SELF = YES;
				CLANG_WARN_OBJC_LITERAL_CONVERSION = YES;
				CLANG_WARN_OBJC_ROOT_CLASS = YES_ERROR;
				CLANG_WARN_QUOTED_INCLUDE_IN_FRAMEWORK_HEADER = YES;
				CLANG_WARN_RANGE_LOOP_ANALYSIS = YES;
				CLANG_WARN_STRICT_PROTOTYPES = YES;
				CLANG_WARN_SUSPICIOUS_MOVE = YES;
				CLANG_WARN_UNGUARDED_AVAILABILITY = YES_AGGRESSIVE;
				CLANG_WARN_UNREACHABLE_CODE = YES;
				CLANG_WARN__DUPLICATE_METHOD_MATCH = YES;
				COPY_PHASE_STRIP = NO;
				DEBUG_INFORMATION_FORMAT = dwarf;
				ENABLE_STRICT_OBJC_MSGSEND = YES;
				ENABLE_TESTABILITY = YES;
				GCC_C_LANGUAGE_STANDARD = gnu11;
				GCC_DYNAMIC_NO_PIC = NO;
				GCC_NO_COMMON_BLOCKS = YES;
				GCC_OPTIMIZATION_LEVEL = 0;
				GCC_PREPROCESSOR_DEFINITIONS = (
					"DEBUG=1",
					"$(inherited)",
				);
				GCC_WARN_64_TO_32_BIT_CONVERSION = YES;
				GCC_WARN_ABOUT_RETURN_TYPE = YES_ERROR;
				GCC_WARN_UNDECLARED_SELECTOR = YES;
				GCC_WARN_UNINITIALIZED_AUTOS = YES_AGGRESSIVE;
				GCC_WARN_UNUSED_FUNCTION = YES;
				GCC_WARN_UNUSED_VARIABLE = YES;
				MACOSX_DEPLOYMENT_TARGET = 13.0;
				MTL_ENABLE_DEBUG_INFO = INCLUDE_SOURCE;
				MTL_FAST_MATH = YES;
				ONLY_ACTIVE_ARCH = NO;
				SDKROOT = macosx;
				SWIFT_ACTIVE_COMPILATION_CONDITIONS = DEBUG;
				SWIFT_OPTIMIZATION_LEVEL = "-Onone";
			};
			name = Debug;
		};
		ABED20D2296E5C8C00647363 /* Release */ = {
			isa = XCBuildConfiguration;
			buildSettings = {
				ALWAYS_SEARCH_USER_PATHS = NO;
				CLANG_ANALYZER_NONNULL = YES;
				CLANG_ANALYZER_NUMBER_OBJECT_CONVERSION = YES_AGGRESSIVE;
				CLANG_CXX_LANGUAGE_STANDARD = "gnu++20";
				CLANG_ENABLE_MODULES = YES;
				CLANG_ENABLE_OBJC_ARC = YES;
				CLANG_ENABLE_OBJC_WEAK = YES;
				CLANG_WARN_BLOCK_CAPTURE_AUTORELEASING = YES;
				CLANG_WARN_BOOL_CONVERSION = YES;
				CLANG_WARN_COMMA = YES;
				CLANG_WARN_CONSTANT_CONVERSION = YES;
				CLANG_WARN_DEPRECATED_OBJC_IMPLEMENTATIONS = YES;
				CLANG_WARN_DIRECT_OBJC_ISA_USAGE = YES_ERROR;
				CLANG_WARN_DOCUMENTATION_COMMENTS = YES;
				CLANG_WARN_EMPTY_BODY = YES;
				CLANG_WARN_ENUM_CONVERSION = YES;
				CLANG_WARN_INFINITE_RECURSION = YES;
				CLANG_WARN_INT_CONVERSION = YES;
				CLANG_WARN_NON_LITERAL_NULL_CONVERSION = YES;
				CLANG_WARN_OBJC_IMPLICIT_RETAIN_SELF = YES;
				CLANG_WARN_OBJC_LITERAL_CONVERSION = YES;
				CLANG_WARN_OBJC_ROOT_CLASS = YES_ERROR;
				CLANG_WARN_QUOTED_INCLUDE_IN_FRAMEWORK_HEADER = YES;
				CLANG_WARN_RANGE_LOOP_ANALYSIS = YES;
				CLANG_WARN_STRICT_PROTOTYPES = YES;
				CLANG_WARN_SUSPICIOUS_MOVE = YES;
				CLANG_WARN_UNGUARDED_AVAILABILITY = YES_AGGRESSIVE;
				CLANG_WARN_UNREACHABLE_CODE = YES;
				CLANG_WARN__DUPLICATE_METHOD_MATCH = YES;
				COPY_PHASE_STRIP = NO;
				DEBUG_INFORMATION_FORMAT = "dwarf-with-dsym";
				ENABLE_NS_ASSERTIONS = NO;
				ENABLE_STRICT_OBJC_MSGSEND = YES;
				GCC_C_LANGUAGE_STANDARD = gnu11;
				GCC_NO_COMMON_BLOCKS = YES;
				GCC_WARN_64_TO_32_BIT_CONVERSION = YES;
				GCC_WARN_ABOUT_RETURN_TYPE = YES_ERROR;
				GCC_WARN_UNDECLARED_SELECTOR = YES;
				GCC_WARN_UNINITIALIZED_AUTOS = YES_AGGRESSIVE;
				GCC_WARN_UNUSED_FUNCTION = YES;
				GCC_WARN_UNUSED_VARIABLE = YES;
				MACOSX_DEPLOYMENT_TARGET = 13.0;
				MTL_ENABLE_DEBUG_INFO = NO;
				MTL_FAST_MATH = YES;
				ONLY_ACTIVE_ARCH = NO;
				SDKROOT = macosx;
				SWIFT_COMPILATION_MODE = wholemodule;
				SWIFT_OPTIMIZATION_LEVEL = "-O";
			};
			name = Release;
		};
		ABED20D4296E5C8C00647363 /* Debug */ = {
			isa = XCBuildConfiguration;
			buildSettings = {
				ASSETCATALOG_COMPILER_APPICON_NAME = AppIcon;
				ASSETCATALOG_COMPILER_GLOBAL_ACCENT_COLOR_NAME = AccentColor;
				ASSETCATALOG_COMPILER_INCLUDE_ALL_APPICON_ASSETS = YES;
				CODE_SIGN_ENTITLEMENTS = GlucoseViewer/GlucoseViewer.entitlements;
				CODE_SIGN_IDENTITY = "Apple Development";
				CODE_SIGN_STYLE = Automatic;
				COMBINE_HIDPI_IMAGES = YES;
				CURRENT_PROJECT_VERSION = "2301231754-alpha";
				DEVELOPMENT_ASSET_PATHS = "";
				DEVELOPMENT_TEAM = EKBKRDG4Q9;
				ENABLE_HARDENED_RUNTIME = YES;
				ENABLE_PREVIEWS = YES;
				GENERATE_INFOPLIST_FILE = YES;
				INFOPLIST_FILE = GlucoseViewer/Info.plist;
				INFOPLIST_KEY_CFBundleDisplayName = "Glucose Toolbar Viewer";
				INFOPLIST_KEY_LSApplicationCategoryType = "public.app-category.healthcare-fitness";
				INFOPLIST_KEY_LSUIElement = YES;
				INFOPLIST_KEY_NSHumanReadableCopyright = "";
				LD_RUNPATH_SEARCH_PATHS = (
					"$(inherited)",
					"@executable_path/../Frameworks",
				);
				MACOSX_DEPLOYMENT_TARGET = 13.0;
				MARKETING_VERSION = 0.0.2;
				PRODUCT_BUNDLE_IDENTIFIER = com.peelercoding.GlucoseViewer;
				PRODUCT_NAME = "$(TARGET_NAME)";
				PROVISIONING_PROFILE_SPECIFIER = "";
				SWIFT_EMIT_LOC_STRINGS = YES;
				SWIFT_VERSION = 5.0;
			};
			name = Debug;
		};
		ABED20D5296E5C8C00647363 /* Release */ = {
			isa = XCBuildConfiguration;
			buildSettings = {
				ASSETCATALOG_COMPILER_APPICON_NAME = AppIcon;
				ASSETCATALOG_COMPILER_GLOBAL_ACCENT_COLOR_NAME = AccentColor;
				ASSETCATALOG_COMPILER_INCLUDE_ALL_APPICON_ASSETS = YES;
				CODE_SIGN_ENTITLEMENTS = GlucoseViewer/GlucoseViewer.entitlements;
				CODE_SIGN_IDENTITY = "Apple Development";
				CODE_SIGN_STYLE = Automatic;
				COMBINE_HIDPI_IMAGES = YES;
				CURRENT_PROJECT_VERSION = "2301231754-alpha";
				DEVELOPMENT_ASSET_PATHS = "";
				DEVELOPMENT_TEAM = EKBKRDG4Q9;
				ENABLE_HARDENED_RUNTIME = YES;
				ENABLE_PREVIEWS = YES;
				GENERATE_INFOPLIST_FILE = YES;
				INFOPLIST_FILE = GlucoseViewer/Info.plist;
				INFOPLIST_KEY_CFBundleDisplayName = "Glucose Toolbar Viewer";
				INFOPLIST_KEY_LSApplicationCategoryType = "public.app-category.healthcare-fitness";
				INFOPLIST_KEY_LSUIElement = YES;
				INFOPLIST_KEY_NSHumanReadableCopyright = "";
				LD_RUNPATH_SEARCH_PATHS = (
					"$(inherited)",
					"@executable_path/../Frameworks",
				);
				MACOSX_DEPLOYMENT_TARGET = 13.0;
				MARKETING_VERSION = 0.0.2;
				PRODUCT_BUNDLE_IDENTIFIER = com.peelercoding.GlucoseViewer;
				PRODUCT_NAME = "$(TARGET_NAME)";
				PROVISIONING_PROFILE_SPECIFIER = "";
				SWIFT_EMIT_LOC_STRINGS = YES;
				SWIFT_VERSION = 5.0;
			};
			name = Release;
		};
/* End XCBuildConfiguration section */

/* Begin XCConfigurationList section */
		AB1292EC2977BB2A00C7615F /* Build configuration list for PBXNativeTarget "GlucoseViewerTests" */ = {
			isa = XCConfigurationList;
			buildConfigurations = (
				AB1292ED2977BB2A00C7615F /* Debug */,
				AB1292EE2977BB2A00C7615F /* Release */,
			);
			defaultConfigurationIsVisible = 0;
			defaultConfigurationName = Release;
		};
		ABED20BF296E5C8B00647363 /* Build configuration list for PBXProject "GlucoseViewer" */ = {
			isa = XCConfigurationList;
			buildConfigurations = (
				ABED20D1296E5C8C00647363 /* Debug */,
				ABED20D2296E5C8C00647363 /* Release */,
			);
			defaultConfigurationIsVisible = 0;
			defaultConfigurationName = Release;
		};
		ABED20D3296E5C8C00647363 /* Build configuration list for PBXNativeTarget "GlucoseViewer" */ = {
			isa = XCConfigurationList;
			buildConfigurations = (
				ABED20D4296E5C8C00647363 /* Debug */,
				ABED20D5296E5C8C00647363 /* Release */,
			);
			defaultConfigurationIsVisible = 0;
			defaultConfigurationName = Release;
		};
/* End XCConfigurationList section */
	};
	rootObject = ABED20BC296E5C8B00647363 /* Project object */;
}
